
Microsoft Visual Studio Solution File, Format Version 12.00
# Visual Studio Version 16
VisualStudioVersion = 16.0.30204.135
MinimumVisualStudioVersion = 10.0.40219.1
Project("{888888A0-9F3D-457C-B088-3A5042F75D52}") = "marketplace", "marketplace.pyproj", "{93EC485E-1747-4AEA-B980-0A5D522AF70C}"
EndProject
Global
	GlobalSection(SolutionConfigurationPlatforms) = preSolution
		Debug|Any CPU = Debug|Any CPU
		Release|Any CPU = Release|Any CPU
	EndGlobalSection
	GlobalSection(ProjectConfigurationPlatforms) = postSolution
		{93EC485E-1747-4AEA-B980-0A5D522AF70C}.Debug|Any CPU.ActiveCfg = Debug|Any CPU
		{93EC485E-1747-4AEA-B980-0A5D522AF70C}.Debug|Any CPU.Build.0 = Debug|Any CPU
		{93EC485E-1747-4AEA-B980-0A5D522AF70C}.Release|Any CPU.ActiveCfg = Release|Any CPU
		{93EC485E-1747-4AEA-B980-0A5D522AF70C}.Release|Any CPU.Build.0 = Release|Any CPU
	EndGlobalSection
	GlobalSection(SolutionProperties) = preSolution
		HideSolutionNode = FALSE
	EndGlobalSection
	GlobalSection(ExtensibilityGlobals) = postSolution
		SolutionGuid = {3C22946B-4137-4C7E-86AD-5E43396852C6}
	EndGlobalSection
EndGlobal
